// !$*UTF8*$!
{
	archiveVersion = 1;
	classes = {
	};
	objectVersion = 46;
	objects = {

/* Begin PBXBuildFile section */
		DCC7F00E1D563E2200DB0DC2 /* DataModel.swift in Sources */ = {isa = PBXBuildFile; fileRef = DCC7F00A1D563E2200DB0DC2 /* DataModel.swift */; };
		DCC7F00F1D563E2200DB0DC2 /* LICENSE.txt in Resources */ = {isa = PBXBuildFile; fileRef = DCC7F00B1D563E2200DB0DC2 /* LICENSE.txt */; };
		DCC7F0101D563E2200DB0DC2 /* PageViewController.swift in Sources */ = {isa = PBXBuildFile; fileRef = DCC7F00C1D563E2200DB0DC2 /* PageViewController.swift */; };
		DCC7F0111D563E2200DB0DC2 /* TableViewController.swift in Sources */ = {isa = PBXBuildFile; fileRef = DCC7F00D1D563E2200DB0DC2 /* TableViewController.swift */; };
		DCF823121D563D5C00A6523D /* AppDelegate.swift in Sources */ = {isa = PBXBuildFile; fileRef = DCF823111D563D5C00A6523D /* AppDelegate.swift */; };
		DCF823141D563D5C00A6523D /* MainViewController.swift in Sources */ = {isa = PBXBuildFile; fileRef = DCF823131D563D5C00A6523D /* MainViewController.swift */; };
		DCF823171D563D5C00A6523D /* Main.storyboard in Resources */ = {isa = PBXBuildFile; fileRef = DCF823151D563D5C00A6523D /* Main.storyboard */; };
		DCF823191D563D5C00A6523D /* Assets.xcassets in Resources */ = {isa = PBXBuildFile; fileRef = DCF823181D563D5C00A6523D /* Assets.xcassets */; };
		DCF8231C1D563D5C00A6523D /* LaunchScreen.storyboard in Resources */ = {isa = PBXBuildFile; fileRef = DCF8231A1D563D5C00A6523D /* LaunchScreen.storyboard */; };
/* End PBXBuildFile section */

/* Begin PBXFileReference section */
		DCC7F00A1D563E2200DB0DC2 /* DataModel.swift */ = {isa = PBXFileReference; fileEncoding = 4; lastKnownFileType = sourcecode.swift; path = DataModel.swift; sourceTree = "<group>"; };
		DCC7F00B1D563E2200DB0DC2 /* LICENSE.txt */ = {isa = PBXFileReference; fileEncoding = 4; lastKnownFileType = text; path = LICENSE.txt; sourceTree = "<group>"; };
		DCC7F00C1D563E2200DB0DC2 /* PageViewController.swift */ = {isa = PBXFileReference; fileEncoding = 4; lastKnownFileType = sourcecode.swift; path = PageViewController.swift; sourceTree = "<group>"; };
		DCC7F00D1D563E2200DB0DC2 /* TableViewController.swift */ = {isa = PBXFileReference; fileEncoding = 4; lastKnownFileType = sourcecode.swift; path = TableViewController.swift; sourceTree = "<group>"; };
		DCF8230E1D563D5C00A6523D /* PageViewControllerDemo.app */ = {isa = PBXFileReference; explicitFileType = wrapper.application; includeInIndex = 0; path = PageViewControllerDemo.app; sourceTree = BUILT_PRODUCTS_DIR; };
		DCF823111D563D5C00A6523D /* AppDelegate.swift */ = {isa = PBXFileReference; lastKnownFileType = sourcecode.swift; path = AppDelegate.swift; sourceTree = "<group>"; };
		DCF823131D563D5C00A6523D /* MainViewController.swift */ = {isa = PBXFileReference; lastKnownFileType = sourcecode.swift; path = MainViewController.swift; sourceTree = "<group>"; };
		DCF823161D563D5C00A6523D /* Base */ = {isa = PBXFileReference; lastKnownFileType = file.storyboard; name = Base; path = Base.lproj/Main.storyboard; sourceTree = "<group>"; };
		DCF823181D563D5C00A6523D /* Assets.xcassets */ = {isa = PBXFileReference; lastKnownFileType = folder.assetcatalog; path = Assets.xcassets; sourceTree = "<group>"; };
		DCF8231B1D563D5C00A6523D /* Base */ = {isa = PBXFileReference; lastKnownFileType = file.storyboard; name = Base; path = Base.lproj/LaunchScreen.storyboard; sourceTree = "<group>"; };
		DCF8231D1D563D5C00A6523D /* Info.plist */ = {isa = PBXFileReference; lastKnownFileType = text.plist.xml; path = Info.plist; sourceTree = "<group>"; };
/* End PBXFileReference section */

/* Begin PBXFrameworksBuildPhase section */
		DCF8230B1D563D5C00A6523D /* Frameworks */ = {
			isa = PBXFrameworksBuildPhase;
			buildActionMask = 2147483647;
			files = (
			);
			runOnlyForDeploymentPostprocessing = 0;
		};
/* End PBXFrameworksBuildPhase section */

/* Begin PBXGroup section */
		DCF823051D563D5C00A6523D = {
			isa = PBXGroup;
			children = (
				DCF823101D563D5C00A6523D /* PageViewControllerDemo */,
				DCF8230F1D563D5C00A6523D /* Products */,
			);
			sourceTree = "<group>";
		};
		DCF8230F1D563D5C00A6523D /* Products */ = {
			isa = PBXGroup;
			children = (
				DCF8230E1D563D5C00A6523D /* PageViewControllerDemo.app */,
			);
			name = Products;
			sourceTree = "<group>";
		};
		DCF823101D563D5C00A6523D /* PageViewControllerDemo */ = {
			isa = PBXGroup;
			children = (
				DCF823111D563D5C00A6523D /* AppDelegate.swift */,
				DCF823151D563D5C00A6523D /* Main.storyboard */,
				DCF823131D563D5C00A6523D /* MainViewController.swift */,
				DCC7F00C1D563E2200DB0DC2 /* PageViewController.swift */,
				DCC7F00D1D563E2200DB0DC2 /* TableViewController.swift */,
				DCC7F00A1D563E2200DB0DC2 /* DataModel.swift */,
				DCF823181D563D5C00A6523D /* Assets.xcassets */,
				DCF8231A1D563D5C00A6523D /* LaunchScreen.storyboard */,
				DCF8231D1D563D5C00A6523D /* Info.plist */,
				DCC7F00B1D563E2200DB0DC2 /* LICENSE.txt */,
			);
			path = PageViewControllerDemo;
			sourceTree = "<group>";
		};
/* End PBXGroup section */

/* Begin PBXNativeTarget section */
		DCF8230D1D563D5C00A6523D /* PageViewControllerDemo */ = {
			isa = PBXNativeTarget;
			buildConfigurationList = DCF823201D563D5C00A6523D /* Build configuration list for PBXNativeTarget "PageViewControllerDemo" */;
			buildPhases = (
				DCF8230A1D563D5C00A6523D /* Sources */,
				DCF8230B1D563D5C00A6523D /* Frameworks */,
				DCF8230C1D563D5C00A6523D /* Resources */,
			);
			buildRules = (
			);
			dependencies = (
			);
			name = PageViewControllerDemo;
			productName = PageViewControllerDemo;
			productReference = DCF8230E1D563D5C00A6523D /* PageViewControllerDemo.app */;
			productType = "com.apple.product-type.application";
		};
/* End PBXNativeTarget section */

/* Begin PBXProject section */
		DCF823061D563D5C00A6523D /* Project object */ = {
			isa = PBXProject;
			attributes = {
				LastSwiftUpdateCheck = 0800;
				LastUpgradeCheck = 0800;
				ORGANIZATIONNAME = "Kevin L. Owens";
				TargetAttributes = {
					DCF8230D1D563D5C00A6523D = {
						CreatedOnToolsVersion = 8.0;
						DevelopmentTeam = VDA563725K;
						ProvisioningStyle = Automatic;
					};
				};
			};
			buildConfigurationList = DCF823091D563D5C00A6523D /* Build configuration list for PBXProject "PageViewControllerDemo" */;
			compatibilityVersion = "Xcode 3.2";
			developmentRegion = English;
			hasScannedForEncodings = 0;
			knownRegions = (
				en,
				Base,
			);
			mainGroup = DCF823051D563D5C00A6523D;
			productRefGroup = DCF8230F1D563D5C00A6523D /* Products */;
			projectDirPath = "";
			projectRoot = "";
			targets = (
				DCF8230D1D563D5C00A6523D /* PageViewControllerDemo */,
			);
		};
/* End PBXProject section */

/* Begin PBXResourcesBuildPhase section */
		DCF8230C1D563D5C00A6523D /* Resources */ = {
			isa = PBXResourcesBuildPhase;
			buildActionMask = 2147483647;
			files = (
				DCC7F00F1D563E2200DB0DC2 /* LICENSE.txt in Resources */,
				DCF8231C1D563D5C00A6523D /* LaunchScreen.storyboard in Resources */,
				DCF823191D563D5C00A6523D /* Assets.xcassets in Resources */,
				DCF823171D563D5C00A6523D /* Main.storyboard in Resources */,
			);
			runOnlyForDeploymentPostprocessing = 0;
		};
/* End PBXResourcesBuildPhase section */

/* Begin PBXSourcesBuildPhase section */
		DCF8230A1D563D5C00A6523D /* Sources */ = {
			isa = PBXSourcesBuildPhase;
			buildActionMask = 2147483647;
			files = (
				DCF823141D563D5C00A6523D /* MainViewController.swift in Sources */,
				DCF823121D563D5C00A6523D /* AppDelegate.swift in Sources */,
				DCC7F00E1D563E2200DB0DC2 /* DataModel.swift in Sources */,
				DCC7F0111D563E2200DB0DC2 /* TableViewController.swift in Sources */,
				DCC7F0101D563E2200DB0DC2 /* PageViewController.swift in Sources */,
			);
			runOnlyForDeploymentPostprocessing = 0;
		};
/* End PBXSourcesBuildPhase section */

/* Begin PBXVariantGroup section */
		DCF823151D563D5C00A6523D /* Main.storyboard */ = {
			isa = PBXVariantGroup;
			children = (
				DCF823161D563D5C00A6523D /* Base */,
			);
			name = Main.storyboard;
			sourceTree = "<group>";
		};
		DCF8231A1D563D5C00A6523D /* LaunchScreen.storyboard */ = {
			isa = PBXVariantGroup;
			children = (
				DCF8231B1D563D5C00A6523D /* Base */,
			);
			name = LaunchScreen.storyboard;
			sourceTree = "<group>";
		};
/* End PBXVariantGroup section */

/* Begin XCBuildConfiguration section */
		DCF8231E1D563D5C00A6523D /* Debug */ = {
			isa = XCBuildConfiguration;
			buildSettings = {
				ALWAYS_SEARCH_USER_PATHS = NO;
				CLANG_ANALYZER_NONNULL = YES;
				CLANG_CXX_LANGUAGE_STANDARD = "gnu++0x";
				CLANG_CXX_LIBRARY = "libc++";
				CLANG_ENABLE_MODULES = YES;
				CLANG_ENABLE_OBJC_ARC = YES;
				CLANG_WARN_BOOL_CONVERSION = YES;
				CLANG_WARN_CONSTANT_CONVERSION = YES;
				CLANG_WARN_DIRECT_OBJC_ISA_USAGE = YES_ERROR;
				CLANG_WARN_DOCUMENTATION_COMMENTS = YES;
				CLANG_WARN_EMPTY_BODY = YES;
				CLANG_WARN_ENUM_CONVERSION = YES;
				CLANG_WARN_INFINITE_RECURSION = YES;
				CLANG_WARN_INT_CONVERSION = YES;
				CLANG_WARN_OBJC_ROOT_CLASS = YES_ERROR;
				CLANG_WARN_SUSPICIOUS_MOVES = YES;
				CLANG_WARN_UNREACHABLE_CODE = YES;
				CLANG_WARN__DUPLICATE_METHOD_MATCH = YES;
				"CODE_SIGN_IDENTITY[sdk=iphoneos*]" = "iPhone Developer";
				COPY_PHASE_STRIP = NO;
				DEBUG_INFORMATION_FORMAT = dwarf;
				ENABLE_STRICT_OBJC_MSGSEND = YES;
				ENABLE_TESTABILITY = YES;
				GCC_C_LANGUAGE_STANDARD = gnu99;
				GCC_DYNAMIC_NO_PIC = NO;
				GCC_NO_COMMON_BLOCKS = YES;
				GCC_OPTIMIZATION_LEVEL = 0;
				GCC_PREPROCESSOR_DEFINITIONS = (
					"DEBUG=1",
					"$(inherited)",
				);
				GCC_WARN_64_TO_32_BIT_CONVERSION = YES;
				GCC_WARN_ABOUT_RETURN_TYPE = YES_ERROR;
				GCC_WARN_UNDECLARED_SELECTOR = YES;
				GCC_WARN_UNINITIALIZED_AUTOS = YES_AGGRESSIVE;
				GCC_WARN_UNUSED_FUNCTION = YES;
				GCC_WARN_UNUSED_VARIABLE = YES;
				IPHONEOS_DEPLOYMENT_TARGET = 10.0;
				MTL_ENABLE_DEBUG_INFO = YES;
				ONLY_ACTIVE_ARCH = YES;
				SDKROOT = iphoneos;
				SWIFT_ACTIVE_COMPILATION_CONDITIONS = DEBUG;
				SWIFT_OPTIMIZATION_LEVEL = "-Onone";
				TARGETED_DEVICE_FAMILY = "1,2";
			};
			name = Debug;
		};
		DCF8231F1D563D5C00A6523D /* Release */ = {
			isa = XCBuildConfiguration;
			buildSettings = {
				ALWAYS_SEARCH_USER_PATHS = NO;
				CLANG_ANALYZER_NONNULL = YES;
				CLANG_CXX_LANGUAGE_STANDARD = "gnu++0x";
				CLANG_CXX_LIBRARY = "libc++";
				CLANG_ENABLE_MODULES = YES;
				CLANG_ENABLE_OBJC_ARC = YES;
				CLANG_WARN_BOOL_CONVERSION = YES;
				CLANG_WARN_CONSTANT_CONVERSION = YES;
				CLANG_WARN_DIRECT_OBJC_ISA_USAGE = YES_ERROR;
				CLANG_WARN_DOCUMENTATION_COMMENTS = YES;
				CLANG_WARN_EMPTY_BODY = YES;
				CLANG_WARN_ENUM_CONVERSION = YES;
				CLANG_WARN_INFINITE_RECURSION = YES;
				CLANG_WARN_INT_CONVERSION = YES;
				CLANG_WARN_OBJC_ROOT_CLASS = YES_ERROR;
				CLANG_WARN_SUSPICIOUS_MOVES = YES;
				CLANG_WARN_UNREACHABLE_CODE = YES;
				CLANG_WARN__DUPLICATE_METHOD_MATCH = YES;
				"CODE_SIGN_IDENTITY[sdk=iphoneos*]" = "iPhone Developer";
				COPY_PHASE_STRIP = NO;
				DEBUG_INFORMATION_FORMAT = "dwarf-with-dsym";
				ENABLE_NS_ASSERTIONS = NO;
				ENABLE_STRICT_OBJC_MSGSEND = YES;
				GCC_C_LANGUAGE_STANDARD = gnu99;
				GCC_NO_COMMON_BLOCKS = YES;
				GCC_WARN_64_TO_32_BIT_CONVERSION = YES;
				GCC_WARN_ABOUT_RETURN_TYPE = YES_ERROR;
				GCC_WARN_UNDECLARED_SELECTOR = YES;
				GCC_WARN_UNINITIALIZED_AUTOS = YES_AGGRESSIVE;
				GCC_WARN_UNUSED_FUNCTION = YES;
				GCC_WARN_UNUSED_VARIABLE = YES;
				IPHONEOS_DEPLOYMENT_TARGET = 10.0;
				MTL_ENABLE_DEBUG_INFO = NO;
				SDKROOT = iphoneos;
				SWIFT_OPTIMIZATION_LEVEL = "-Owholemodule";
				TARGETED_DEVICE_FAMILY = "1,2";
				VALIDATE_PRODUCT = YES;
			};
			name = Release;
		};
		DCF823211D563D5C00A6523D /* Debug */ = {
			isa = XCBuildConfiguration;
			buildSettings = {
				ASSETCATALOG_COMPILER_APPICON_NAME = AppIcon;
				DEVELOPMENT_TEAM = VDA563725K;
				INFOPLIST_FILE = PageViewControllerDemo/Info.plist;
				LD_RUNPATH_SEARCH_PATHS = "$(inherited) @executable_path/Frameworks";
				PRODUCT_BUNDLE_IDENTIFIER = com.kevinlowens.ios.PageViewControllerDemo;
				PRODUCT_NAME = "$(TARGET_NAME)";
				SWIFT_VERSION = 3.0;
			};
			name = Debug;
		};
		DCF823221D563D5C00A6523D /* Release */ = {
			isa = XCBuildConfiguration;
			buildSettings = {
				ASSETCATALOG_COMPILER_APPICON_NAME = AppIcon;
				DEVELOPMENT_TEAM = VDA563725K;
				INFOPLIST_FILE = PageViewControllerDemo/Info.plist;
				LD_RUNPATH_SEARCH_PATHS = "$(inherited) @executable_path/Frameworks";
				PRODUCT_BUNDLE_IDENTIFIER = com.kevinlowens.ios.PageViewControllerDemo;
				PRODUCT_NAME = "$(TARGET_NAME)";
				SWIFT_VERSION = 3.0;
			};
			name = Release;
		};
/* End XCBuildConfiguration section */

/* Begin XCConfigurationList section */
		DCF823091D563D5C00A6523D /* Build configuration list for PBXProject "PageViewControllerDemo" */ = {
			isa = XCConfigurationList;
			buildConfigurations = (
				DCF8231E1D563D5C00A6523D /* Debug */,
				DCF8231F1D563D5C00A6523D /* Release */,
			);
			defaultConfigurationIsVisible = 0;
			defaultConfigurationName = Release;
		};
		DCF823201D563D5C00A6523D /* Build configuration list for PBXNativeTarget "PageViewControllerDemo" */ = {
			isa = XCConfigurationList;
			buildConfigurations = (
				DCF823211D563D5C00A6523D /* Debug */,
				DCF823221D563D5C00A6523D /* Release */,
			);
			defaultConfigurationIsVisible = 0;
			defaultConfigurationName = Release;
		};
/* End XCConfigurationList section */
	};
	rootObject = DCF823061D563D5C00A6523D /* Project object */;
}
